// !$*UTF8*$!
{
	archiveVersion = 1;
	classes = {
	};
	objectVersion = 77;
	objects = {

/* Begin PBXBuildFile section */
		009B728526BC855317BE66DD /* KeychainService.swift in Sources */ = {isa = PBXBuildFile; fileRef = 756AB295FD24A64EC5723EEA /* KeychainService.swift */; };
		187DE62ACF4E06B9A6970BA1 /* VocaFlowApp.swift in Sources */ = {isa = PBXBuildFile; fileRef = 4CE57DCD67E66CA8C970CCB3 /* VocaFlowApp.swift */; };
		2342A57FB47A5B3537655767 /* LoginView.swift in Sources */ = {isa = PBXBuildFile; fileRef = 8BE8D8E4755A76DD9E33B098 /* LoginView.swift */; };
		26404F270EF13DDA56E8344B /* Color+Hex.swift in Sources */ = {isa = PBXBuildFile; fileRef = 0CD8E3D20E012FC9051BB82E /* Color+Hex.swift */; };
		377FDAF6DDD5EA29B6299196 /* RecordingScreen.swift in Sources */ = {isa = PBXBuildFile; fileRef = 63F0AA8195F4EF1CE90F0326 /* RecordingScreen.swift */; };
		556F2A53F21A93AD8F48F827 /* Assets.xcassets in Resources */ = {isa = PBXBuildFile; fileRef = 76EC3A121FD1E1B628F79CF2 /* Assets.xcassets */; };
		5A3CC4BA8002710D54BA71FA /* AudioRecorder.swift in Sources */ = {isa = PBXBuildFile; fileRef = 99909D4BD83FA4D7BEE9EED1 /* AudioRecorder.swift */; };
		7F917C3A3621ED5AFE93D1D9 /* SupabaseService.swift in Sources */ = {isa = PBXBuildFile; fileRef = C2B5922BA6646B01B1B9CC1D /* SupabaseService.swift */; };
		9652BD52633DEFE612631742 /* VocaFlowIntent.swift in Sources */ = {isa = PBXBuildFile; fileRef = 541D2E8A01C360D302C7B09B /* VocaFlowIntent.swift */; };
		A2424927A4C0C8F5EA21CF4E /* AnalyzingView.swift in Sources */ = {isa = PBXBuildFile; fileRef = 7BF9106B5F68A3D5AC3A009D /* AnalyzingView.swift */; };
		B01DC5E883DA210D75A0977E /* AuthState.swift in Sources */ = {isa = PBXBuildFile; fileRef = FB3FC361F10D5D785033EBC8 /* AuthState.swift */; };
		D1A63F83E3A317BEC913D138 /* WaveformView.swift in Sources */ = {isa = PBXBuildFile; fileRef = 606860E84277F10E6187B9F9 /* WaveformView.swift */; };
		E3B2C8FF863F43F5D10E0BFE /* SuccessView.swift in Sources */ = {isa = PBXBuildFile; fileRef = 2FA6615FC9EB195C1465642F /* SuccessView.swift */; };
		EAFD8F8FE1C7338EA8977ABD /* ErrorView.swift in Sources */ = {isa = PBXBuildFile; fileRef = 3970C6C0DF5EB6A7D4980031 /* ErrorView.swift */; };
/* End PBXBuildFile section */

/* Begin PBXFileReference section */
		0CD8E3D20E012FC9051BB82E /* Color+Hex.swift */ = {isa = PBXFileReference; lastKnownFileType = sourcecode.swift; path = "Color+Hex.swift"; sourceTree = "<group>"; };
		1A6DC20272E97DC024416FF5 /* VocaFlow.entitlements */ = {isa = PBXFileReference; lastKnownFileType = text.plist.entitlements; path = VocaFlow.entitlements; sourceTree = "<group>"; };
		2FA6615FC9EB195C1465642F /* SuccessView.swift */ = {isa = PBXFileReference; lastKnownFileType = sourcecode.swift; path = SuccessView.swift; sourceTree = "<group>"; };
		3970C6C0DF5EB6A7D4980031 /* ErrorView.swift */ = {isa = PBXFileReference; lastKnownFileType = sourcecode.swift; path = ErrorView.swift; sourceTree = "<group>"; };
		4CE57DCD67E66CA8C970CCB3 /* VocaFlowApp.swift */ = {isa = PBXFileReference; lastKnownFileType = sourcecode.swift; path = VocaFlowApp.swift; sourceTree = "<group>"; };
		541D2E8A01C360D302C7B09B /* VocaFlowIntent.swift */ = {isa = PBXFileReference; lastKnownFileType = sourcecode.swift; path = VocaFlowIntent.swift; sourceTree = "<group>"; };
		606860E84277F10E6187B9F9 /* WaveformView.swift */ = {isa = PBXFileReference; lastKnownFileType = sourcecode.swift; path = WaveformView.swift; sourceTree = "<group>"; };
		63F0AA8195F4EF1CE90F0326 /* RecordingScreen.swift */ = {isa = PBXFileReference; lastKnownFileType = sourcecode.swift; path = RecordingScreen.swift; sourceTree = "<group>"; };
		756AB295FD24A64EC5723EEA /* KeychainService.swift */ = {isa = PBXFileReference; lastKnownFileType = sourcecode.swift; path = KeychainService.swift; sourceTree = "<group>"; };
		76EC3A121FD1E1B628F79CF2 /* Assets.xcassets */ = {isa = PBXFileReference; lastKnownFileType = folder.assetcatalog; path = Assets.xcassets; sourceTree = "<group>"; };
		7BF9106B5F68A3D5AC3A009D /* AnalyzingView.swift */ = {isa = PBXFileReference; lastKnownFileType = sourcecode.swift; path = AnalyzingView.swift; sourceTree = "<group>"; };
		8BE8D8E4755A76DD9E33B098 /* LoginView.swift */ = {isa = PBXFileReference; lastKnownFileType = sourcecode.swift; path = LoginView.swift; sourceTree = "<group>"; };
		8ECF818880750DC461D3407C /* VocaFlow.app */ = {isa = PBXFileReference; includeInIndex = 0; lastKnownFileType = wrapper.application; path = VocaFlow.app; sourceTree = BUILT_PRODUCTS_DIR; };
		99909D4BD83FA4D7BEE9EED1 /* AudioRecorder.swift */ = {isa = PBXFileReference; lastKnownFileType = sourcecode.swift; path = AudioRecorder.swift; sourceTree = "<group>"; };
		C1B41C0C68CD9BB1CD82E530 /* Info.plist */ = {isa = PBXFileReference; lastKnownFileType = text.plist; path = Info.plist; sourceTree = "<group>"; };
		C2B5922BA6646B01B1B9CC1D /* SupabaseService.swift */ = {isa = PBXFileReference; lastKnownFileType = sourcecode.swift; path = SupabaseService.swift; sourceTree = "<group>"; };
		FB3FC361F10D5D785033EBC8 /* AuthState.swift */ = {isa = PBXFileReference; lastKnownFileType = sourcecode.swift; path = AuthState.swift; sourceTree = "<group>"; };
/* End PBXFileReference section */

/* Begin PBXGroup section */
		5B293A071A1B9E35F55720F7 = {
			isa = PBXGroup;
			children = (
				CE0057CC69C9B10077270E12 /* VocaFlow */,
				AE402E06E6F5C2B2E24A0868 /* Products */,
			);
			sourceTree = "<group>";
		};
		5E50B2FF4C86F31BE7136A5B /* App */ = {
			isa = PBXGroup;
			children = (
				76EC3A121FD1E1B628F79CF2 /* Assets.xcassets */,
				FB3FC361F10D5D785033EBC8 /* AuthState.swift */,
				4CE57DCD67E66CA8C970CCB3 /* VocaFlowApp.swift */,
			);
			path = App;
			sourceTree = "<group>";
		};
		A44986D02B16C2B2C94145B9 /* Services */ = {
			isa = PBXGroup;
			children = (
				99909D4BD83FA4D7BEE9EED1 /* AudioRecorder.swift */,
				756AB295FD24A64EC5723EEA /* KeychainService.swift */,
				C2B5922BA6646B01B1B9CC1D /* SupabaseService.swift */,
			);
			path = Services;
			sourceTree = "<group>";
		};
		AE402E06E6F5C2B2E24A0868 /* Products */ = {
			isa = PBXGroup;
			children = (
				8ECF818880750DC461D3407C /* VocaFlow.app */,
			);
			name = Products;
			sourceTree = "<group>";
		};
		CBA8E7811E1F6E5DC7E3C6B0 /* Views */ = {
			isa = PBXGroup;
			children = (
				7BF9106B5F68A3D5AC3A009D /* AnalyzingView.swift */,
				3970C6C0DF5EB6A7D4980031 /* ErrorView.swift */,
				8BE8D8E4755A76DD9E33B098 /* LoginView.swift */,
				63F0AA8195F4EF1CE90F0326 /* RecordingScreen.swift */,
				2FA6615FC9EB195C1465642F /* SuccessView.swift */,
				606860E84277F10E6187B9F9 /* WaveformView.swift */,
			);
			path = Views;
			sourceTree = "<group>";
		};
		CE0057CC69C9B10077270E12 /* VocaFlow */ = {
			isa = PBXGroup;
			children = (
				C1B41C0C68CD9BB1CD82E530 /* Info.plist */,
				1A6DC20272E97DC024416FF5 /* VocaFlow.entitlements */,
				5E50B2FF4C86F31BE7136A5B /* App */,
				FBCBD3CD1F048C03B53EF9C5 /* Extensions */,
				D854356EC2E191A3D252AC8A /* Intents */,
				A44986D02B16C2B2C94145B9 /* Services */,
				CBA8E7811E1F6E5DC7E3C6B0 /* Views */,
			);
			path = VocaFlow;
			sourceTree = "<group>";
		};
		D854356EC2E191A3D252AC8A /* Intents */ = {
			isa = PBXGroup;
			children = (
				541D2E8A01C360D302C7B09B /* VocaFlowIntent.swift */,
			);
			path = Intents;
			sourceTree = "<group>";
		};
		FBCBD3CD1F048C03B53EF9C5 /* Extensions */ = {
			isa = PBXGroup;
			children = (
				0CD8E3D20E012FC9051BB82E /* Color+Hex.swift */,
			);
			path = Extensions;
			sourceTree = "<group>";
		};
/* End PBXGroup section */

/* Begin PBXNativeTarget section */
		700CDEC9393BB160E7DC6602 /* VocaFlow */ = {
			isa = PBXNativeTarget;
			buildConfigurationList = 0A91EA95805BC035B2940347 /* Build configuration list for PBXNativeTarget "VocaFlow" */;
			buildPhases = (
				EB2DD6B73094603D4E8848FC /* Sources */,
				7A21ADB5ECA47F818D269B8D /* Resources */,
			);
			buildRules = (
			);
			dependencies = (
			);
			name = VocaFlow;
			packageProductDependencies = (
			);
			productName = VocaFlow;
			productReference = 8ECF818880750DC461D3407C /* VocaFlow.app */;
			productType = "com.apple.product-type.application";
		};
/* End PBXNativeTarget section */

/* Begin PBXProject section */
		0D0A3C2060598B526C584784 /* Project object */ = {
			isa = PBXProject;
			attributes = {
				BuildIndependentTargetsInParallel = YES;
				LastUpgradeCheck = 1500;
				TargetAttributes = {
					700CDEC9393BB160E7DC6602 = {
						DevelopmentTeam = 8D786HJQF9;
					};
				};
			};
			buildConfigurationList = C4A33CAA07D3573BA9C7D58F /* Build configuration list for PBXProject "VocaFlow" */;
			developmentRegion = en;
			hasScannedForEncodings = 0;
			knownRegions = (
				Base,
				en,
			);
			mainGroup = 5B293A071A1B9E35F55720F7;
			minimizedProjectReferenceProxies = 1;
			preferredProjectObjectVersion = 77;
			productRefGroup = AE402E06E6F5C2B2E24A0868 /* Products */;
			projectDirPath = "";
			projectRoot = "";
			targets = (
				700CDEC9393BB160E7DC6602 /* VocaFlow */,
			);
		};
/* End PBXProject section */

/* Begin PBXResourcesBuildPhase section */
		7A21ADB5ECA47F818D269B8D /* Resources */ = {
			isa = PBXResourcesBuildPhase;
			buildActionMask = 2147483647;
			files = (
				556F2A53F21A93AD8F48F827 /* Assets.xcassets in Resources */,
			);
			runOnlyForDeploymentPostprocessing = 0;
		};
/* End PBXResourcesBuildPhase section */

/* Begin PBXSourcesBuildPhase section */
		EB2DD6B73094603D4E8848FC /* Sources */ = {
			isa = PBXSourcesBuildPhase;
			buildActionMask = 2147483647;
			files = (
				A2424927A4C0C8F5EA21CF4E /* AnalyzingView.swift in Sources */,
				5A3CC4BA8002710D54BA71FA /* AudioRecorder.swift in Sources */,
				B01DC5E883DA210D75A0977E /* AuthState.swift in Sources */,
				26404F270EF13DDA56E8344B /* Color+Hex.swift in Sources */,
				EAFD8F8FE1C7338EA8977ABD /* ErrorView.swift in Sources */,
				009B728526BC855317BE66DD /* KeychainService.swift in Sources */,
				2342A57FB47A5B3537655767 /* LoginView.swift in Sources */,
				377FDAF6DDD5EA29B6299196 /* RecordingScreen.swift in Sources */,
				E3B2C8FF863F43F5D10E0BFE /* SuccessView.swift in Sources */,
				7F917C3A3621ED5AFE93D1D9 /* SupabaseService.swift in Sources */,
				187DE62ACF4E06B9A6970BA1 /* VocaFlowApp.swift in Sources */,
				9652BD52633DEFE612631742 /* VocaFlowIntent.swift in Sources */,
				D1A63F83E3A317BEC913D138 /* WaveformView.swift in Sources */,
			);
			runOnlyForDeploymentPostprocessing = 0;
		};
/* End PBXSourcesBuildPhase section */

/* Begin XCBuildConfiguration section */
		0E18037182A8E6B096F7E498 /* Debug */ = {
			isa = XCBuildConfiguration;
			buildSettings = {
				ASSETCATALOG_COMPILER_APPICON_NAME = AppIcon;
				CODE_SIGN_ENTITLEMENTS = VocaFlow/VocaFlow.entitlements;
				CODE_SIGN_IDENTITY = "iPhone Developer";
				DEVELOPMENT_TEAM = 8D786HJQF9;
				INFOPLIST_FILE = VocaFlow/Info.plist;
				IPHONEOS_DEPLOYMENT_TARGET = 17.0;
				LD_RUNPATH_SEARCH_PATHS = (
					"$(inherited)",
					"@executable_path/Frameworks",
				);
				PRODUCT_BUNDLE_IDENTIFIER = io.vocaflow.app;
				SDKROOT = iphoneos;
				TARGETED_DEVICE_FAMILY = "1,2";
			};
			name = Debug;
		};
		7AA5C4C01E90A5A53055B683 /* Debug */ = {
			isa = XCBuildConfiguration;
			buildSettings = {
				ALWAYS_SEARCH_USER_PATHS = NO;
				CLANG_ANALYZER_NONNULL = YES;
				CLANG_ANALYZER_NUMBER_OBJECT_CONVERSION = YES_AGGRESSIVE;
				CLANG_CXX_LANGUAGE_STANDARD = "gnu++14";
				CLANG_CXX_LIBRARY = "libc++";
				CLANG_ENABLE_MODULES = YES;
				CLANG_ENABLE_OBJC_ARC = YES;
				CLANG_ENABLE_OBJC_WEAK = YES;
				CLANG_WARN_BLOCK_CAPTURE_AUTORELEASING = YES;
				CLANG_WARN_BOOL_CONVERSION = YES;
				CLANG_WARN_COMMA = YES;
				CLANG_WARN_CONSTANT_CONVERSION = YES;
				CLANG_WARN_DEPRECATED_OBJC_IMPLEMENTATIONS = YES;
				CLANG_WARN_DIRECT_OBJC_ISA_USAGE = YES_ERROR;
				CLANG_WARN_DOCUMENTATION_COMMENTS = YES;
				CLANG_WARN_EMPTY_BODY = YES;
				CLANG_WARN_ENUM_CONVERSION = YES;
				CLANG_WARN_INFINITE_RECURSION = YES;
				CLANG_WARN_INT_CONVERSION = YES;
				CLANG_WARN_NON_LITERAL_NULL_CONVERSION = YES;
				CLANG_WARN_OBJC_IMPLICIT_RETAIN_SELF = YES;
				CLANG_WARN_OBJC_LITERAL_CONVERSION = YES;
				CLANG_WARN_OBJC_ROOT_CLASS = YES_ERROR;
				CLANG_WARN_QUOTED_INCLUDE_IN_FRAMEWORK_HEADER = YES;
				CLANG_WARN_RANGE_LOOP_ANALYSIS = YES;
				CLANG_WARN_STRICT_PROTOTYPES = YES;
				CLANG_WARN_SUSPICIOUS_MOVE = YES;
				CLANG_WARN_UNGUARDED_AVAILABILITY = YES_AGGRESSIVE;
				CLANG_WARN_UNREACHABLE_CODE = YES;
				CLANG_WARN__DUPLICATE_METHOD_MATCH = YES;
				COPY_PHASE_STRIP = NO;
				CURRENT_PROJECT_VERSION = 1;
				DEBUG_INFORMATION_FORMAT = dwarf;
				ENABLE_STRICT_OBJC_MSGSEND = YES;
				ENABLE_TESTABILITY = YES;
				GCC_C_LANGUAGE_STANDARD = gnu11;
				GCC_DYNAMIC_NO_PIC = NO;
				GCC_NO_COMMON_BLOCKS = YES;
				GCC_OPTIMIZATION_LEVEL = 0;
				GCC_PREPROCESSOR_DEFINITIONS = (
					"$(inherited)",
					"DEBUG=1",
				);
				GCC_WARN_64_TO_32_BIT_CONVERSION = YES;
				GCC_WARN_ABOUT_RETURN_TYPE = YES_ERROR;
				GCC_WARN_UNDECLARED_SELECTOR = YES;
				GCC_WARN_UNINITIALIZED_AUTOS = YES_AGGRESSIVE;
				GCC_WARN_UNUSED_FUNCTION = YES;
				GCC_WARN_UNUSED_VARIABLE = YES;
				IPHONEOS_DEPLOYMENT_TARGET = 17.0;
				MARKETING_VERSION = 1.0;
				MTL_ENABLE_DEBUG_INFO = INCLUDE_SOURCE;
				MTL_FAST_MATH = YES;
				ONLY_ACTIVE_ARCH = YES;
				PRODUCT_NAME = "$(TARGET_NAME)";
				SDKROOT = iphoneos;
				SWIFT_ACTIVE_COMPILATION_CONDITIONS = DEBUG;
				SWIFT_OPTIMIZATION_LEVEL = "-Onone";
				SWIFT_VERSION = 5.9;
			};
			name = Debug;
		};
		8B4303DFBE6602A99A9FFB35 /* Release */ = {
			isa = XCBuildConfiguration;
			buildSettings = {
				ALWAYS_SEARCH_USER_PATHS = NO;
				CLANG_ANALYZER_NONNULL = YES;
				CLANG_ANALYZER_NUMBER_OBJECT_CONVERSION = YES_AGGRESSIVE;
				CLANG_CXX_LANGUAGE_STANDARD = "gnu++14";
				CLANG_CXX_LIBRARY = "libc++";
				CLANG_ENABLE_MODULES = YES;
				CLANG_ENABLE_OBJC_ARC = YES;
				CLANG_ENABLE_OBJC_WEAK = YES;
				CLANG_WARN_BLOCK_CAPTURE_AUTORELEASING = YES;
				CLANG_WARN_BOOL_CONVERSION = YES;
				CLANG_WARN_COMMA = YES;
				CLANG_WARN_CONSTANT_CONVERSION = YES;
				CLANG_WARN_DEPRECATED_OBJC_IMPLEMENTATIONS = YES;
				CLANG_WARN_DIRECT_OBJC_ISA_USAGE = YES_ERROR;
				CLANG_WARN_DOCUMENTATION_COMMENTS = YES;
				CLANG_WARN_EMPTY_BODY = YES;
				CLANG_WARN_ENUM_CONVERSION = YES;
				CLANG_WARN_INFINITE_RECURSION = YES;
				CLANG_WARN_INT_CONVERSION = YES;
				CLANG_WARN_NON_LITERAL_NULL_CONVERSION = YES;
				CLANG_WARN_OBJC_IMPLICIT_RETAIN_SELF = YES;
				CLANG_WARN_OBJC_LITERAL_CONVERSION = YES;
				CLANG_WARN_OBJC_ROOT_CLASS = YES_ERROR;
				CLANG_WARN_QUOTED_INCLUDE_IN_FRAMEWORK_HEADER = YES;
				CLANG_WARN_RANGE_LOOP_ANALYSIS = YES;
				CLANG_WARN_STRICT_PROTOTYPES = YES;
				CLANG_WARN_SUSPICIOUS_MOVE = YES;
				CLANG_WARN_UNGUARDED_AVAILABILITY = YES_AGGRESSIVE;
				CLANG_WARN_UNREACHABLE_CODE = YES;
				CLANG_WARN__DUPLICATE_METHOD_MATCH = YES;
				COPY_PHASE_STRIP = NO;
				CURRENT_PROJECT_VERSION = 1;
				DEBUG_INFORMATION_FORMAT = "dwarf-with-dsym";
				ENABLE_NS_ASSERTIONS = NO;
				ENABLE_STRICT_OBJC_MSGSEND = YES;
				GCC_C_LANGUAGE_STANDARD = gnu11;
				GCC_NO_COMMON_BLOCKS = YES;
				GCC_WARN_64_TO_32_BIT_CONVERSION = YES;
				GCC_WARN_ABOUT_RETURN_TYPE = YES_ERROR;
				GCC_WARN_UNDECLARED_SELECTOR = YES;
				GCC_WARN_UNINITIALIZED_AUTOS = YES_AGGRESSIVE;
				GCC_WARN_UNUSED_FUNCTION = YES;
				GCC_WARN_UNUSED_VARIABLE = YES;
				IPHONEOS_DEPLOYMENT_TARGET = 17.0;
				MARKETING_VERSION = 1.0;
				MTL_ENABLE_DEBUG_INFO = NO;
				MTL_FAST_MATH = YES;
				PRODUCT_NAME = "$(TARGET_NAME)";
				SDKROOT = iphoneos;
				SWIFT_COMPILATION_MODE = wholemodule;
				SWIFT_OPTIMIZATION_LEVEL = "-O";
				SWIFT_VERSION = 5.9;
			};
			name = Release;
		};
		C43BCEB2554E339658F2B7E1 /* Release */ = {
			isa = XCBuildConfiguration;
			buildSettings = {
				ASSETCATALOG_COMPILER_APPICON_NAME = AppIcon;
				CODE_SIGN_ENTITLEMENTS = VocaFlow/VocaFlow.entitlements;
				CODE_SIGN_IDENTITY = "iPhone Developer";
				DEVELOPMENT_TEAM = 8D786HJQF9;
				INFOPLIST_FILE = VocaFlow/Info.plist;
				IPHONEOS_DEPLOYMENT_TARGET = 17.0;
				LD_RUNPATH_SEARCH_PATHS = (
					"$(inherited)",
					"@executable_path/Frameworks",
				);
				PRODUCT_BUNDLE_IDENTIFIER = io.vocaflow.app;
				SDKROOT = iphoneos;
				TARGETED_DEVICE_FAMILY = "1,2";
			};
			name = Release;
		};
/* End XCBuildConfiguration section */

/* Begin XCConfigurationList section */
		0A91EA95805BC035B2940347 /* Build configuration list for PBXNativeTarget "VocaFlow" */ = {
			isa = XCConfigurationList;
			buildConfigurations = (
				0E18037182A8E6B096F7E498 /* Debug */,
				C43BCEB2554E339658F2B7E1 /* Release */,
			);
			defaultConfigurationIsVisible = 0;
			defaultConfigurationName = Debug;
		};
		C4A33CAA07D3573BA9C7D58F /* Build configuration list for PBXProject "VocaFlow" */ = {
			isa = XCConfigurationList;
			buildConfigurations = (
				7AA5C4C01E90A5A53055B683 /* Debug */,
				8B4303DFBE6602A99A9FFB35 /* Release */,
			);
			defaultConfigurationIsVisible = 0;
			defaultConfigurationName = Debug;
		};
/* End XCConfigurationList section */
	};
	rootObject = 0D0A3C2060598B526C584784 /* Project object */;
}
