// !$*UTF8*$!
{
	archiveVersion = 1;
	classes = {
	};
	objectVersion = 77;
	objects = {

/* Begin PBXBuildFile section */
		009B728526BC855317BE66DD /* KeychainService.swift in Sources */ = {isa = PBXBuildFile; fileRef = 756AB295FD24A64EC5723EEA /* KeychainService.swift */; };
		065F49A0614F529238F8951E /* StopRecordingIntent.swift in Sources */ = {isa = PBXBuildFile; fileRef = 61D96D0636156A729DF886ED /* StopRecordingIntent.swift */; };
		0991FE6ECBFB0C5E2728AE8A /* Color+Hex.swift in Sources */ = {isa = PBXBuildFile; fileRef = 0CD8E3D20E012FC9051BB82E /* Color+Hex.swift */; };
		187DE62ACF4E06B9A6970BA1 /* VocaFlowApp.swift in Sources */ = {isa = PBXBuildFile; fileRef = 4CE57DCD67E66CA8C970CCB3 /* VocaFlowApp.swift */; };
		1947775B47F74B5A6AFA7342 /* LiveActivityManager.swift in Sources */ = {isa = PBXBuildFile; fileRef = 3F23FB6842082DC7429E830D /* LiveActivityManager.swift */; };
		21A5919D139C0E8DF3609D65 /* RecordingLiveActivity.swift in Sources */ = {isa = PBXBuildFile; fileRef = 1D7F5A7D203D50A24E312032 /* RecordingLiveActivity.swift */; };
		2342A57FB47A5B3537655767 /* LoginView.swift in Sources */ = {isa = PBXBuildFile; fileRef = 8BE8D8E4755A76DD9E33B098 /* LoginView.swift */; };
		26404F270EF13DDA56E8344B /* Color+Hex.swift in Sources */ = {isa = PBXBuildFile; fileRef = 0CD8E3D20E012FC9051BB82E /* Color+Hex.swift */; };
		2A6CB9476FE5FCE8B5934B90 /* VocaFlowShared in Frameworks */ = {isa = PBXBuildFile; productRef = 2C827A2B452949D9FC9CDEC5 /* VocaFlowShared */; };
		4CBB84A622A0CD9AFCE66EF8 /* MicButton.swift in Sources */ = {isa = PBXBuildFile; fileRef = CD172A7C417C06D4DFCF6241 /* MicButton.swift */; };
		556F2A53F21A93AD8F48F827 /* Assets.xcassets in Resources */ = {isa = PBXBuildFile; fileRef = 76EC3A121FD1E1B628F79CF2 /* Assets.xcassets */; };
		5A3CC4BA8002710D54BA71FA /* AudioRecorder.swift in Sources */ = {isa = PBXBuildFile; fileRef = 99909D4BD83FA4D7BEE9EED1 /* AudioRecorder.swift */; };
		66E7979ACB1067690A3435C6 /* HomeView.swift in Sources */ = {isa = PBXBuildFile; fileRef = 873B255ABCE059148A425342 /* HomeView.swift */; };
		7F917C3A3621ED5AFE93D1D9 /* SupabaseService.swift in Sources */ = {isa = PBXBuildFile; fileRef = C2B5922BA6646B01B1B9CC1D /* SupabaseService.swift */; };
		91AC6A4F288091D96F093BA8 /* StopRecordingIntent.swift in Sources */ = {isa = PBXBuildFile; fileRef = 61D96D0636156A729DF886ED /* StopRecordingIntent.swift */; };
		935AAFFBE557471297136083 /* VocaFlowActivity.appex in Embed Foundation Extensions */ = {isa = PBXBuildFile; fileRef = 92C38E7A8FE8FA7BE420C3BB /* VocaFlowActivity.appex */; settings = {ATTRIBUTES = (RemoveHeadersOnCopy, ); }; };
		9652BD52633DEFE612631742 /* VocaFlowIntent.swift in Sources */ = {isa = PBXBuildFile; fileRef = 541D2E8A01C360D302C7B09B /* VocaFlowIntent.swift */; };
		A2424927A4C0C8F5EA21CF4E /* AnalyzingView.swift in Sources */ = {isa = PBXBuildFile; fileRef = 7BF9106B5F68A3D5AC3A009D /* AnalyzingView.swift */; };
		B01DC5E883DA210D75A0977E /* AuthState.swift in Sources */ = {isa = PBXBuildFile; fileRef = FB3FC361F10D5D785033EBC8 /* AuthState.swift */; };
		B47774FA7697EFABD8B51AAA /* VocaFlowShared in Frameworks */ = {isa = PBXBuildFile; productRef = EABD9FCE52694967B53594A4 /* VocaFlowShared */; };
		C35383DABCA3CD34DD6CE6B5 /* RecordingTrigger.swift in Sources */ = {isa = PBXBuildFile; fileRef = 4313B74193255B208B4A27C6 /* RecordingTrigger.swift */; };
		D1A63F83E3A317BEC913D138 /* WaveformView.swift in Sources */ = {isa = PBXBuildFile; fileRef = 606860E84277F10E6187B9F9 /* WaveformView.swift */; };
		D95E2B9914A1AB0E3E78F43D /* VocaFlowActivityBundle.swift in Sources */ = {isa = PBXBuildFile; fileRef = D7378685291CEC6B14F846CA /* VocaFlowActivityBundle.swift */; };
		E19696A4485B166EF261F7E5 /* BackgroundRecordingService.swift in Sources */ = {isa = PBXBuildFile; fileRef = A0443226BDC8E074945E267D /* BackgroundRecordingService.swift */; };
		E3B2C8FF863F43F5D10E0BFE /* SuccessView.swift in Sources */ = {isa = PBXBuildFile; fileRef = 2FA6615FC9EB195C1465642F /* SuccessView.swift */; };
		EAFD8F8FE1C7338EA8977ABD /* ErrorView.swift in Sources */ = {isa = PBXBuildFile; fileRef = 3970C6C0DF5EB6A7D4980031 /* ErrorView.swift */; };
/* End PBXBuildFile section */

/* Begin PBXContainerItemProxy section */
		A81CC1BD4980CC2C12538FB2 /* PBXContainerItemProxy */ = {
			isa = PBXContainerItemProxy;
			containerPortal = 0D0A3C2060598B526C584784 /* Project object */;
			proxyType = 1;
			remoteGlobalIDString = 00820452F88F494B2F2F2C0B;
			remoteInfo = VocaFlowActivity;
		};
/* End PBXContainerItemProxy section */

/* Begin PBXCopyFilesBuildPhase section */
		160287204A07A13DAF435728 /* Embed Foundation Extensions */ = {
			isa = PBXCopyFilesBuildPhase;
			buildActionMask = 2147483647;
			dstPath = "";
			dstSubfolderSpec = 13;
			files = (
				935AAFFBE557471297136083 /* VocaFlowActivity.appex in Embed Foundation Extensions */,
			);
			name = "Embed Foundation Extensions";
			runOnlyForDeploymentPostprocessing = 0;
		};
/* End PBXCopyFilesBuildPhase section */

/* Begin PBXFileReference section */
		0CD8E3D20E012FC9051BB82E /* Color+Hex.swift */ = {isa = PBXFileReference; lastKnownFileType = sourcecode.swift; path = "Color+Hex.swift"; sourceTree = "<group>"; };
		1A6DC20272E97DC024416FF5 /* VocaFlow.entitlements */ = {isa = PBXFileReference; lastKnownFileType = text.plist.entitlements; path = VocaFlow.entitlements; sourceTree = "<group>"; };
		1D7F5A7D203D50A24E312032 /* RecordingLiveActivity.swift */ = {isa = PBXFileReference; lastKnownFileType = sourcecode.swift; path = RecordingLiveActivity.swift; sourceTree = "<group>"; };
		2FA6615FC9EB195C1465642F /* SuccessView.swift */ = {isa = PBXFileReference; lastKnownFileType = sourcecode.swift; path = SuccessView.swift; sourceTree = "<group>"; };
		3970C6C0DF5EB6A7D4980031 /* ErrorView.swift */ = {isa = PBXFileReference; lastKnownFileType = sourcecode.swift; path = ErrorView.swift; sourceTree = "<group>"; };
		3F23FB6842082DC7429E830D /* LiveActivityManager.swift */ = {isa = PBXFileReference; lastKnownFileType = sourcecode.swift; path = LiveActivityManager.swift; sourceTree = "<group>"; };
		4313B74193255B208B4A27C6 /* RecordingTrigger.swift */ = {isa = PBXFileReference; lastKnownFileType = sourcecode.swift; path = RecordingTrigger.swift; sourceTree = "<group>"; };
		4CE57DCD67E66CA8C970CCB3 /* VocaFlowApp.swift */ = {isa = PBXFileReference; lastKnownFileType = sourcecode.swift; path = VocaFlowApp.swift; sourceTree = "<group>"; };
		541D2E8A01C360D302C7B09B /* VocaFlowIntent.swift */ = {isa = PBXFileReference; lastKnownFileType = sourcecode.swift; path = VocaFlowIntent.swift; sourceTree = "<group>"; };
		606860E84277F10E6187B9F9 /* WaveformView.swift */ = {isa = PBXFileReference; lastKnownFileType = sourcecode.swift; path = WaveformView.swift; sourceTree = "<group>"; };
		61D96D0636156A729DF886ED /* StopRecordingIntent.swift */ = {isa = PBXFileReference; lastKnownFileType = sourcecode.swift; path = StopRecordingIntent.swift; sourceTree = "<group>"; };
		6D3E776BD647096E9810C63F /* VocaFlowShared */ = {isa = PBXFileReference; lastKnownFileType = folder; name = VocaFlowShared; path = VocaFlowShared; sourceTree = SOURCE_ROOT; };
		756AB295FD24A64EC5723EEA /* KeychainService.swift */ = {isa = PBXFileReference; lastKnownFileType = sourcecode.swift; path = KeychainService.swift; sourceTree = "<group>"; };
		76EC3A121FD1E1B628F79CF2 /* Assets.xcassets */ = {isa = PBXFileReference; lastKnownFileType = folder.assetcatalog; path = Assets.xcassets; sourceTree = "<group>"; };
		7BF9106B5F68A3D5AC3A009D /* AnalyzingView.swift */ = {isa = PBXFileReference; lastKnownFileType = sourcecode.swift; path = AnalyzingView.swift; sourceTree = "<group>"; };
		873B255ABCE059148A425342 /* HomeView.swift */ = {isa = PBXFileReference; lastKnownFileType = sourcecode.swift; path = HomeView.swift; sourceTree = "<group>"; };
		8BE8D8E4755A76DD9E33B098 /* LoginView.swift */ = {isa = PBXFileReference; lastKnownFileType = sourcecode.swift; path = LoginView.swift; sourceTree = "<group>"; };
		8ECF818880750DC461D3407C /* VocaFlow.app */ = {isa = PBXFileReference; includeInIndex = 0; lastKnownFileType = wrapper.application; path = VocaFlow.app; sourceTree = BUILT_PRODUCTS_DIR; };
		92C38E7A8FE8FA7BE420C3BB /* VocaFlowActivity.appex */ = {isa = PBXFileReference; includeInIndex = 0; lastKnownFileType = "wrapper.app-extension"; path = VocaFlowActivity.appex; sourceTree = BUILT_PRODUCTS_DIR; };
		99909D4BD83FA4D7BEE9EED1 /* AudioRecorder.swift */ = {isa = PBXFileReference; lastKnownFileType = sourcecode.swift; path = AudioRecorder.swift; sourceTree = "<group>"; };
		A0443226BDC8E074945E267D /* BackgroundRecordingService.swift */ = {isa = PBXFileReference; lastKnownFileType = sourcecode.swift; path = BackgroundRecordingService.swift; sourceTree = "<group>"; };
		BC5B348E056F79F1535477E8 /* Info.plist */ = {isa = PBXFileReference; lastKnownFileType = text.plist; path = Info.plist; sourceTree = "<group>"; };
		C1B41C0C68CD9BB1CD82E530 /* Info.plist */ = {isa = PBXFileReference; lastKnownFileType = text.plist; path = Info.plist; sourceTree = "<group>"; };
		C2B5922BA6646B01B1B9CC1D /* SupabaseService.swift */ = {isa = PBXFileReference; lastKnownFileType = sourcecode.swift; path = SupabaseService.swift; sourceTree = "<group>"; };
		CD172A7C417C06D4DFCF6241 /* MicButton.swift */ = {isa = PBXFileReference; lastKnownFileType = sourcecode.swift; path = MicButton.swift; sourceTree = "<group>"; };
		D7378685291CEC6B14F846CA /* VocaFlowActivityBundle.swift */ = {isa = PBXFileReference; lastKnownFileType = sourcecode.swift; path = VocaFlowActivityBundle.swift; sourceTree = "<group>"; };
		FB3FC361F10D5D785033EBC8 /* AuthState.swift */ = {isa = PBXFileReference; lastKnownFileType = sourcecode.swift; path = AuthState.swift; sourceTree = "<group>"; };
/* End PBXFileReference section */

/* Begin PBXFrameworksBuildPhase section */
		4B7B61822006690ED5119B58 /* Frameworks */ = {
			isa = PBXFrameworksBuildPhase;
			buildActionMask = 2147483647;
			files = (
				B47774FA7697EFABD8B51AAA /* VocaFlowShared in Frameworks */,
			);
			runOnlyForDeploymentPostprocessing = 0;
		};
		CC7E48BA93A0033689E2546B /* Frameworks */ = {
			isa = PBXFrameworksBuildPhase;
			buildActionMask = 2147483647;
			files = (
				2A6CB9476FE5FCE8B5934B90 /* VocaFlowShared in Frameworks */,
			);
			runOnlyForDeploymentPostprocessing = 0;
		};
/* End PBXFrameworksBuildPhase section */

/* Begin PBXGroup section */
		008FE4DC31AFBA5151D71EC7 /* Packages */ = {
			isa = PBXGroup;
			children = (
				6D3E776BD647096E9810C63F /* VocaFlowShared */,
			);
			name = Packages;
			sourceTree = "<group>";
		};
		0CA02A59E31F81EEA07057CD /* VocaFlowActivity */ = {
			isa = PBXGroup;
			children = (
				BC5B348E056F79F1535477E8 /* Info.plist */,
				1D7F5A7D203D50A24E312032 /* RecordingLiveActivity.swift */,
				D7378685291CEC6B14F846CA /* VocaFlowActivityBundle.swift */,
			);
			path = VocaFlowActivity;
			sourceTree = "<group>";
		};
		5B293A071A1B9E35F55720F7 = {
			isa = PBXGroup;
			children = (
				008FE4DC31AFBA5151D71EC7 /* Packages */,
				CE0057CC69C9B10077270E12 /* VocaFlow */,
				0CA02A59E31F81EEA07057CD /* VocaFlowActivity */,
				AE402E06E6F5C2B2E24A0868 /* Products */,
			);
			sourceTree = "<group>";
		};
		5E50B2FF4C86F31BE7136A5B /* App */ = {
			isa = PBXGroup;
			children = (
				76EC3A121FD1E1B628F79CF2 /* Assets.xcassets */,
				FB3FC361F10D5D785033EBC8 /* AuthState.swift */,
				4313B74193255B208B4A27C6 /* RecordingTrigger.swift */,
				4CE57DCD67E66CA8C970CCB3 /* VocaFlowApp.swift */,
			);
			path = App;
			sourceTree = "<group>";
		};
		A44986D02B16C2B2C94145B9 /* Services */ = {
			isa = PBXGroup;
			children = (
				99909D4BD83FA4D7BEE9EED1 /* AudioRecorder.swift */,
				A0443226BDC8E074945E267D /* BackgroundRecordingService.swift */,
				756AB295FD24A64EC5723EEA /* KeychainService.swift */,
				C2B5922BA6646B01B1B9CC1D /* SupabaseService.swift */,
			);
			path = Services;
			sourceTree = "<group>";
		};
		AE402E06E6F5C2B2E24A0868 /* Products */ = {
			isa = PBXGroup;
			children = (
				8ECF818880750DC461D3407C /* VocaFlow.app */,
				92C38E7A8FE8FA7BE420C3BB /* VocaFlowActivity.appex */,
			);
			name = Products;
			sourceTree = "<group>";
		};
		CBA8E7811E1F6E5DC7E3C6B0 /* Views */ = {
			isa = PBXGroup;
			children = (
				7BF9106B5F68A3D5AC3A009D /* AnalyzingView.swift */,
				3970C6C0DF5EB6A7D4980031 /* ErrorView.swift */,
				873B255ABCE059148A425342 /* HomeView.swift */,
				8BE8D8E4755A76DD9E33B098 /* LoginView.swift */,
				CD172A7C417C06D4DFCF6241 /* MicButton.swift */,
				2FA6615FC9EB195C1465642F /* SuccessView.swift */,
				606860E84277F10E6187B9F9 /* WaveformView.swift */,
			);
			path = Views;
			sourceTree = "<group>";
		};
		CE0057CC69C9B10077270E12 /* VocaFlow */ = {
			isa = PBXGroup;
			children = (
				C1B41C0C68CD9BB1CD82E530 /* Info.plist */,
				1A6DC20272E97DC024416FF5 /* VocaFlow.entitlements */,
				5E50B2FF4C86F31BE7136A5B /* App */,
				FBCBD3CD1F048C03B53EF9C5 /* Extensions */,
				D854356EC2E191A3D252AC8A /* Intents */,
				D2EDF68E75F0236BA1E04A70 /* LiveActivity */,
				A44986D02B16C2B2C94145B9 /* Services */,
				CBA8E7811E1F6E5DC7E3C6B0 /* Views */,
			);
			path = VocaFlow;
			sourceTree = "<group>";
		};
		D2EDF68E75F0236BA1E04A70 /* LiveActivity */ = {
			isa = PBXGroup;
			children = (
				3F23FB6842082DC7429E830D /* LiveActivityManager.swift */,
			);
			path = LiveActivity;
			sourceTree = "<group>";
		};
		D854356EC2E191A3D252AC8A /* Intents */ = {
			isa = PBXGroup;
			children = (
				61D96D0636156A729DF886ED /* StopRecordingIntent.swift */,
				541D2E8A01C360D302C7B09B /* VocaFlowIntent.swift */,
			);
			path = Intents;
			sourceTree = "<group>";
		};
		FBCBD3CD1F048C03B53EF9C5 /* Extensions */ = {
			isa = PBXGroup;
			children = (
				0CD8E3D20E012FC9051BB82E /* Color+Hex.swift */,
			);
			path = Extensions;
			sourceTree = "<group>";
		};
/* End PBXGroup section */

/* Begin PBXNativeTarget section */
		00820452F88F494B2F2F2C0B /* VocaFlowActivity */ = {
			isa = PBXNativeTarget;
			buildConfigurationList = 3FA61F51B28BDC53486E8FB1 /* Build configuration list for PBXNativeTarget "VocaFlowActivity" */;
			buildPhases = (
				F1E651518E3664F434684248 /* Sources */,
				CC7E48BA93A0033689E2546B /* Frameworks */,
			);
			buildRules = (
			);
			dependencies = (
			);
			name = VocaFlowActivity;
			packageProductDependencies = (
				2C827A2B452949D9FC9CDEC5 /* VocaFlowShared */,
			);
			productName = VocaFlowActivity;
			productReference = 92C38E7A8FE8FA7BE420C3BB /* VocaFlowActivity.appex */;
			productType = "com.apple.product-type.app-extension";
		};
		700CDEC9393BB160E7DC6602 /* VocaFlow */ = {
			isa = PBXNativeTarget;
			buildConfigurationList = 0A91EA95805BC035B2940347 /* Build configuration list for PBXNativeTarget "VocaFlow" */;
			buildPhases = (
				EB2DD6B73094603D4E8848FC /* Sources */,
				7A21ADB5ECA47F818D269B8D /* Resources */,
				4B7B61822006690ED5119B58 /* Frameworks */,
				160287204A07A13DAF435728 /* Embed Foundation Extensions */,
			);
			buildRules = (
			);
			dependencies = (
				5B2EAEBA9B4C64C118841BA4 /* PBXTargetDependency */,
			);
			name = VocaFlow;
			packageProductDependencies = (
				EABD9FCE52694967B53594A4 /* VocaFlowShared */,
			);
			productName = VocaFlow;
			productReference = 8ECF818880750DC461D3407C /* VocaFlow.app */;
			productType = "com.apple.product-type.application";
		};
/* End PBXNativeTarget section */

/* Begin PBXProject section */
		0D0A3C2060598B526C584784 /* Project object */ = {
			isa = PBXProject;
			attributes = {
				BuildIndependentTargetsInParallel = YES;
				LastUpgradeCheck = 1500;
				TargetAttributes = {
					00820452F88F494B2F2F2C0B = {
						DevelopmentTeam = 8D786HJQF9;
					};
					700CDEC9393BB160E7DC6602 = {
						DevelopmentTeam = 8D786HJQF9;
					};
				};
			};
			buildConfigurationList = C4A33CAA07D3573BA9C7D58F /* Build configuration list for PBXProject "VocaFlow" */;
			developmentRegion = en;
			hasScannedForEncodings = 0;
			knownRegions = (
				Base,
				en,
			);
			mainGroup = 5B293A071A1B9E35F55720F7;
			minimizedProjectReferenceProxies = 1;
			packageReferences = (
				7F7400FB70712D029C62D3A4 /* XCLocalSwiftPackageReference "VocaFlowShared" */,
			);
			preferredProjectObjectVersion = 77;
			productRefGroup = AE402E06E6F5C2B2E24A0868 /* Products */;
			projectDirPath = "";
			projectRoot = "";
			targets = (
				700CDEC9393BB160E7DC6602 /* VocaFlow */,
				00820452F88F494B2F2F2C0B /* VocaFlowActivity */,
			);
		};
/* End PBXProject section */

/* Begin PBXResourcesBuildPhase section */
		7A21ADB5ECA47F818D269B8D /* Resources */ = {
			isa = PBXResourcesBuildPhase;
			buildActionMask = 2147483647;
			files = (
				556F2A53F21A93AD8F48F827 /* Assets.xcassets in Resources */,
			);
			runOnlyForDeploymentPostprocessing = 0;
		};
/* End PBXResourcesBuildPhase section */

/* Begin PBXSourcesBuildPhase section */
		EB2DD6B73094603D4E8848FC /* Sources */ = {
			isa = PBXSourcesBuildPhase;
			buildActionMask = 2147483647;
			files = (
				A2424927A4C0C8F5EA21CF4E /* AnalyzingView.swift in Sources */,
				5A3CC4BA8002710D54BA71FA /* AudioRecorder.swift in Sources */,
				B01DC5E883DA210D75A0977E /* AuthState.swift in Sources */,
				E19696A4485B166EF261F7E5 /* BackgroundRecordingService.swift in Sources */,
				26404F270EF13DDA56E8344B /* Color+Hex.swift in Sources */,
				EAFD8F8FE1C7338EA8977ABD /* ErrorView.swift in Sources */,
				66E7979ACB1067690A3435C6 /* HomeView.swift in Sources */,
				009B728526BC855317BE66DD /* KeychainService.swift in Sources */,
				1947775B47F74B5A6AFA7342 /* LiveActivityManager.swift in Sources */,
				2342A57FB47A5B3537655767 /* LoginView.swift in Sources */,
				4CBB84A622A0CD9AFCE66EF8 /* MicButton.swift in Sources */,
				C35383DABCA3CD34DD6CE6B5 /* RecordingTrigger.swift in Sources */,
				065F49A0614F529238F8951E /* StopRecordingIntent.swift in Sources */,
				E3B2C8FF863F43F5D10E0BFE /* SuccessView.swift in Sources */,
				7F917C3A3621ED5AFE93D1D9 /* SupabaseService.swift in Sources */,
				187DE62ACF4E06B9A6970BA1 /* VocaFlowApp.swift in Sources */,
				9652BD52633DEFE612631742 /* VocaFlowIntent.swift in Sources */,
				D1A63F83E3A317BEC913D138 /* WaveformView.swift in Sources */,
			);
			runOnlyForDeploymentPostprocessing = 0;
		};
		F1E651518E3664F434684248 /* Sources */ = {
			isa = PBXSourcesBuildPhase;
			buildActionMask = 2147483647;
			files = (
				0991FE6ECBFB0C5E2728AE8A /* Color+Hex.swift in Sources */,
				21A5919D139C0E8DF3609D65 /* RecordingLiveActivity.swift in Sources */,
				91AC6A4F288091D96F093BA8 /* StopRecordingIntent.swift in Sources */,
				D95E2B9914A1AB0E3E78F43D /* VocaFlowActivityBundle.swift in Sources */,
			);
			runOnlyForDeploymentPostprocessing = 0;
		};
/* End PBXSourcesBuildPhase section */

/* Begin PBXTargetDependency section */
		5B2EAEBA9B4C64C118841BA4 /* PBXTargetDependency */ = {
			isa = PBXTargetDependency;
			target = 00820452F88F494B2F2F2C0B /* VocaFlowActivity */;
			targetProxy = A81CC1BD4980CC2C12538FB2 /* PBXContainerItemProxy */;
		};
/* End PBXTargetDependency section */

/* Begin XCBuildConfiguration section */
		0E18037182A8E6B096F7E498 /* Debug */ = {
			isa = XCBuildConfiguration;
			buildSettings = {
				ASSETCATALOG_COMPILER_APPICON_NAME = AppIcon;
				CODE_SIGN_ENTITLEMENTS = VocaFlow/VocaFlow.entitlements;
				CODE_SIGN_IDENTITY = "iPhone Developer";
				DEVELOPMENT_TEAM = 8D786HJQF9;
				INFOPLIST_FILE = VocaFlow/Info.plist;
				IPHONEOS_DEPLOYMENT_TARGET = 17.0;
				LD_RUNPATH_SEARCH_PATHS = (
					"$(inherited)",
					"@executable_path/Frameworks",
				);
				OTHER_SWIFT_FLAGS = "-DAPP_TARGET";
				PRODUCT_BUNDLE_IDENTIFIER = io.vocaflow.app;
				SDKROOT = iphoneos;
				TARGETED_DEVICE_FAMILY = "1,2";
			};
			name = Debug;
		};
		29E81FB6D47D8BEFFC34169E /* Debug */ = {
			isa = XCBuildConfiguration;
			buildSettings = {
				DEVELOPMENT_TEAM = 8D786HJQF9;
				INFOPLIST_FILE = VocaFlowActivity/Info.plist;
				IPHONEOS_DEPLOYMENT_TARGET = 17.0;
				LD_RUNPATH_SEARCH_PATHS = "$(inherited) @executable_path/Frameworks @executable_path/../../Frameworks";
				PRODUCT_BUNDLE_IDENTIFIER = io.vocaflow.app.activity;
				SDKROOT = iphoneos;
				SKIP_INSTALL = YES;
				TARGETED_DEVICE_FAMILY = "1,2";
			};
			name = Debug;
		};
		38DB49DA4AB0584AE3208BAC /* Release */ = {
			isa = XCBuildConfiguration;
			buildSettings = {
				DEVELOPMENT_TEAM = 8D786HJQF9;
				INFOPLIST_FILE = VocaFlowActivity/Info.plist;
				IPHONEOS_DEPLOYMENT_TARGET = 17.0;
				LD_RUNPATH_SEARCH_PATHS = "$(inherited) @executable_path/Frameworks @executable_path/../../Frameworks";
				PRODUCT_BUNDLE_IDENTIFIER = io.vocaflow.app.activity;
				SDKROOT = iphoneos;
				SKIP_INSTALL = YES;
				TARGETED_DEVICE_FAMILY = "1,2";
			};
			name = Release;
		};
		7AA5C4C01E90A5A53055B683 /* Debug */ = {
			isa = XCBuildConfiguration;
			buildSettings = {
				ALWAYS_SEARCH_USER_PATHS = NO;
				CLANG_ANALYZER_NONNULL = YES;
				CLANG_ANALYZER_NUMBER_OBJECT_CONVERSION = YES_AGGRESSIVE;
				CLANG_CXX_LANGUAGE_STANDARD = "gnu++14";
				CLANG_CXX_LIBRARY = "libc++";
				CLANG_ENABLE_MODULES = YES;
				CLANG_ENABLE_OBJC_ARC = YES;
				CLANG_ENABLE_OBJC_WEAK = YES;
				CLANG_WARN_BLOCK_CAPTURE_AUTORELEASING = YES;
				CLANG_WARN_BOOL_CONVERSION = YES;
				CLANG_WARN_COMMA = YES;
				CLANG_WARN_CONSTANT_CONVERSION = YES;
				CLANG_WARN_DEPRECATED_OBJC_IMPLEMENTATIONS = YES;
				CLANG_WARN_DIRECT_OBJC_ISA_USAGE = YES_ERROR;
				CLANG_WARN_DOCUMENTATION_COMMENTS = YES;
				CLANG_WARN_EMPTY_BODY = YES;
				CLANG_WARN_ENUM_CONVERSION = YES;
				CLANG_WARN_INFINITE_RECURSION = YES;
				CLANG_WARN_INT_CONVERSION = YES;
				CLANG_WARN_NON_LITERAL_NULL_CONVERSION = YES;
				CLANG_WARN_OBJC_IMPLICIT_RETAIN_SELF = YES;
				CLANG_WARN_OBJC_LITERAL_CONVERSION = YES;
				CLANG_WARN_OBJC_ROOT_CLASS = YES_ERROR;
				CLANG_WARN_QUOTED_INCLUDE_IN_FRAMEWORK_HEADER = YES;
				CLANG_WARN_RANGE_LOOP_ANALYSIS = YES;
				CLANG_WARN_STRICT_PROTOTYPES = YES;
				CLANG_WARN_SUSPICIOUS_MOVE = YES;
				CLANG_WARN_UNGUARDED_AVAILABILITY = YES_AGGRESSIVE;
				CLANG_WARN_UNREACHABLE_CODE = YES;
				CLANG_WARN__DUPLICATE_METHOD_MATCH = YES;
				COPY_PHASE_STRIP = NO;
				CURRENT_PROJECT_VERSION = 1;
				DEBUG_INFORMATION_FORMAT = dwarf;
				ENABLE_STRICT_OBJC_MSGSEND = YES;
				ENABLE_TESTABILITY = YES;
				GCC_C_LANGUAGE_STANDARD = gnu11;
				GCC_DYNAMIC_NO_PIC = NO;
				GCC_NO_COMMON_BLOCKS = YES;
				GCC_OPTIMIZATION_LEVEL = 0;
				GCC_PREPROCESSOR_DEFINITIONS = (
					"$(inherited)",
					"DEBUG=1",
				);
				GCC_WARN_64_TO_32_BIT_CONVERSION = YES;
				GCC_WARN_ABOUT_RETURN_TYPE = YES_ERROR;
				GCC_WARN_UNDECLARED_SELECTOR = YES;
				GCC_WARN_UNINITIALIZED_AUTOS = YES_AGGRESSIVE;
				GCC_WARN_UNUSED_FUNCTION = YES;
				GCC_WARN_UNUSED_VARIABLE = YES;
				IPHONEOS_DEPLOYMENT_TARGET = 17.0;
				MARKETING_VERSION = 1.0;
				MTL_ENABLE_DEBUG_INFO = INCLUDE_SOURCE;
				MTL_FAST_MATH = YES;
				ONLY_ACTIVE_ARCH = YES;
				PRODUCT_NAME = "$(TARGET_NAME)";
				SDKROOT = iphoneos;
				SWIFT_ACTIVE_COMPILATION_CONDITIONS = DEBUG;
				SWIFT_OPTIMIZATION_LEVEL = "-Onone";
				SWIFT_VERSION = 5.9;
			};
			name = Debug;
		};
		8B4303DFBE6602A99A9FFB35 /* Release */ = {
			isa = XCBuildConfiguration;
			buildSettings = {
				ALWAYS_SEARCH_USER_PATHS = NO;
				CLANG_ANALYZER_NONNULL = YES;
				CLANG_ANALYZER_NUMBER_OBJECT_CONVERSION = YES_AGGRESSIVE;
				CLANG_CXX_LANGUAGE_STANDARD = "gnu++14";
				CLANG_CXX_LIBRARY = "libc++";
				CLANG_ENABLE_MODULES = YES;
				CLANG_ENABLE_OBJC_ARC = YES;
				CLANG_ENABLE_OBJC_WEAK = YES;
				CLANG_WARN_BLOCK_CAPTURE_AUTORELEASING = YES;
				CLANG_WARN_BOOL_CONVERSION = YES;
				CLANG_WARN_COMMA = YES;
				CLANG_WARN_CONSTANT_CONVERSION = YES;
				CLANG_WARN_DEPRECATED_OBJC_IMPLEMENTATIONS = YES;
				CLANG_WARN_DIRECT_OBJC_ISA_USAGE = YES_ERROR;
				CLANG_WARN_DOCUMENTATION_COMMENTS = YES;
				CLANG_WARN_EMPTY_BODY = YES;
				CLANG_WARN_ENUM_CONVERSION = YES;
				CLANG_WARN_INFINITE_RECURSION = YES;
				CLANG_WARN_INT_CONVERSION = YES;
				CLANG_WARN_NON_LITERAL_NULL_CONVERSION = YES;
				CLANG_WARN_OBJC_IMPLICIT_RETAIN_SELF = YES;
				CLANG_WARN_OBJC_LITERAL_CONVERSION = YES;
				CLANG_WARN_OBJC_ROOT_CLASS = YES_ERROR;
				CLANG_WARN_QUOTED_INCLUDE_IN_FRAMEWORK_HEADER = YES;
				CLANG_WARN_RANGE_LOOP_ANALYSIS = YES;
				CLANG_WARN_STRICT_PROTOTYPES = YES;
				CLANG_WARN_SUSPICIOUS_MOVE = YES;
				CLANG_WARN_UNGUARDED_AVAILABILITY = YES_AGGRESSIVE;
				CLANG_WARN_UNREACHABLE_CODE = YES;
				CLANG_WARN__DUPLICATE_METHOD_MATCH = YES;
				COPY_PHASE_STRIP = NO;
				CURRENT_PROJECT_VERSION = 1;
				DEBUG_INFORMATION_FORMAT = "dwarf-with-dsym";
				ENABLE_NS_ASSERTIONS = NO;
				ENABLE_STRICT_OBJC_MSGSEND = YES;
				GCC_C_LANGUAGE_STANDARD = gnu11;
				GCC_NO_COMMON_BLOCKS = YES;
				GCC_WARN_64_TO_32_BIT_CONVERSION = YES;
				GCC_WARN_ABOUT_RETURN_TYPE = YES_ERROR;
				GCC_WARN_UNDECLARED_SELECTOR = YES;
				GCC_WARN_UNINITIALIZED_AUTOS = YES_AGGRESSIVE;
				GCC_WARN_UNUSED_FUNCTION = YES;
				GCC_WARN_UNUSED_VARIABLE = YES;
				IPHONEOS_DEPLOYMENT_TARGET = 17.0;
				MARKETING_VERSION = 1.0;
				MTL_ENABLE_DEBUG_INFO = NO;
				MTL_FAST_MATH = YES;
				PRODUCT_NAME = "$(TARGET_NAME)";
				SDKROOT = iphoneos;
				SWIFT_COMPILATION_MODE = wholemodule;
				SWIFT_OPTIMIZATION_LEVEL = "-O";
				SWIFT_VERSION = 5.9;
			};
			name = Release;
		};
		C43BCEB2554E339658F2B7E1 /* Release */ = {
			isa = XCBuildConfiguration;
			buildSettings = {
				ASSETCATALOG_COMPILER_APPICON_NAME = AppIcon;
				CODE_SIGN_ENTITLEMENTS = VocaFlow/VocaFlow.entitlements;
				CODE_SIGN_IDENTITY = "iPhone Developer";
				DEVELOPMENT_TEAM = 8D786HJQF9;
				INFOPLIST_FILE = VocaFlow/Info.plist;
				IPHONEOS_DEPLOYMENT_TARGET = 17.0;
				LD_RUNPATH_SEARCH_PATHS = (
					"$(inherited)",
					"@executable_path/Frameworks",
				);
				OTHER_SWIFT_FLAGS = "-DAPP_TARGET";
				PRODUCT_BUNDLE_IDENTIFIER = io.vocaflow.app;
				SDKROOT = iphoneos;
				TARGETED_DEVICE_FAMILY = "1,2";
			};
			name = Release;
		};
/* End XCBuildConfiguration section */

/* Begin XCConfigurationList section */
		0A91EA95805BC035B2940347 /* Build configuration list for PBXNativeTarget "VocaFlow" */ = {
			isa = XCConfigurationList;
			buildConfigurations = (
				0E18037182A8E6B096F7E498 /* Debug */,
				C43BCEB2554E339658F2B7E1 /* Release */,
			);
			defaultConfigurationIsVisible = 0;
			defaultConfigurationName = Debug;
		};
		3FA61F51B28BDC53486E8FB1 /* Build configuration list for PBXNativeTarget "VocaFlowActivity" */ = {
			isa = XCConfigurationList;
			buildConfigurations = (
				29E81FB6D47D8BEFFC34169E /* Debug */,
				38DB49DA4AB0584AE3208BAC /* Release */,
			);
			defaultConfigurationIsVisible = 0;
			defaultConfigurationName = Debug;
		};
		C4A33CAA07D3573BA9C7D58F /* Build configuration list for PBXProject "VocaFlow" */ = {
			isa = XCConfigurationList;
			buildConfigurations = (
				7AA5C4C01E90A5A53055B683 /* Debug */,
				8B4303DFBE6602A99A9FFB35 /* Release */,
			);
			defaultConfigurationIsVisible = 0;
			defaultConfigurationName = Debug;
		};
/* End XCConfigurationList section */

/* Begin XCLocalSwiftPackageReference section */
		7F7400FB70712D029C62D3A4 /* XCLocalSwiftPackageReference "VocaFlowShared" */ = {
			isa = XCLocalSwiftPackageReference;
			relativePath = VocaFlowShared;
		};
/* End XCLocalSwiftPackageReference section */

/* Begin XCSwiftPackageProductDependency section */
		2C827A2B452949D9FC9CDEC5 /* VocaFlowShared */ = {
			isa = XCSwiftPackageProductDependency;
			productName = VocaFlowShared;
		};
		EABD9FCE52694967B53594A4 /* VocaFlowShared */ = {
			isa = XCSwiftPackageProductDependency;
			productName = VocaFlowShared;
		};
/* End XCSwiftPackageProductDependency section */
	};
	rootObject = 0D0A3C2060598B526C584784 /* Project object */;
}
